// !$*UTF8*$!
{
	archiveVersion = 1;
	classes = {
	};
	objectVersion = 77;
	objects = {

/* Begin PBXBuildFile section */
		2CDAB4B12F0450D600376B93 /* FirebaseFirestore in Frameworks */ = {isa = PBXBuildFile; productRef = 2CDAB4B02F0450D600376B93 /* FirebaseFirestore */; settings = {ATTRIBUTES = (Required, ); }; };
		2CDAB4B32F0450D600376B93 /* FirebaseFirestoreCombine-Community in Frameworks */ = {isa = PBXBuildFile; productRef = 2CDAB4B22F0450D600376B93 /* FirebaseFirestoreCombine-Community */; };
		2CDAB4BB2F058A8B00376B93 /* .gitignore in Resources */ = {isa = PBXBuildFile; fileRef = 2CDAB4BA2F058A8300376B93 /* .gitignore */; };
		2CDAB4BE2F06231C00376B93 /* AuthenticationServices.framework in Frameworks */ = {isa = PBXBuildFile; fileRef = 2CDAB4BD2F06231C00376B93 /* AuthenticationServices.framework */; };
		2CDAB4C02F06232200376B93 /* CryptoKit.framework in Frameworks */ = {isa = PBXBuildFile; fileRef = 2CDAB4BF2F06232200376B93 /* CryptoKit.framework */; };
		2CDAB4C62F06245100376B93 /* FirebaseAuth in Frameworks */ = {isa = PBXBuildFile; productRef = 2CDAB4C52F06245100376B93 /* FirebaseAuth */; };
		2CDAB5072F0D984400376B93 /* DeviceActivity.framework in Frameworks */ = {isa = PBXBuildFile; fileRef = 2CDAB5062F0D984400376B93 /* DeviceActivity.framework */; };
		2CDAB50F2F0D984400376B93 /* TokenTimeMonitor.appex in Embed Foundation Extensions */ = {isa = PBXBuildFile; fileRef = 2CDAB5052F0D984400376B93 /* TokenTimeMonitor.appex */; settings = {ATTRIBUTES = (RemoveHeadersOnCopy, ); }; };
		2CDAB51F2F0EBDEB00376B93 /* WidgetKit.framework in Frameworks */ = {isa = PBXBuildFile; fileRef = 2CDAB51E2F0EBDEB00376B93 /* WidgetKit.framework */; };
		2CDAB5212F0EBDEB00376B93 /* SwiftUI.framework in Frameworks */ = {isa = PBXBuildFile; fileRef = 2CDAB5202F0EBDEB00376B93 /* SwiftUI.framework */; };
		2CDAB5322F0EBDED00376B93 /* PrizePantryWidgetsExtension.appex in Embed Foundation Extensions */ = {isa = PBXBuildFile; fileRef = 2CDAB51D2F0EBDEB00376B93 /* PrizePantryWidgetsExtension.appex */; settings = {ATTRIBUTES = (RemoveHeadersOnCopy, ); }; };
		2CDAB54D2F0F09FA00376B93 /* TokenTimeReport.appex in Embed ExtensionKit Extensions */ = {isa = PBXBuildFile; fileRef = 2CDAB5412F0F09FA00376B93 /* TokenTimeReport.appex */; settings = {ATTRIBUTES = (RemoveHeadersOnCopy, ); }; };
		2CDAB5582F0F0C9700376B93 /* DeviceActivity.framework in Frameworks */ = {isa = PBXBuildFile; fileRef = 2CDAB5572F0F0C9700376B93 /* DeviceActivity.framework */; platformFilters = (ios, macos, ); };
		2CDAB5592F0F0CD300376B93 /* DeviceActivity.framework in Frameworks */ = {isa = PBXBuildFile; fileRef = 2CDAB5572F0F0C9700376B93 /* DeviceActivity.framework */; };
/* End PBXBuildFile section */

/* Begin PBXContainerItemProxy section */
		2CDAB48D2F03B74B00376B93 /* PBXContainerItemProxy */ = {
			isa = PBXContainerItemProxy;
			containerPortal = 2CDAB4742F03B74A00376B93 /* Project object */;
			proxyType = 1;
			remoteGlobalIDString = 2CDAB47B2F03B74A00376B93;
			remoteInfo = prizepantry;
		};
		2CDAB4972F03B74B00376B93 /* PBXContainerItemProxy */ = {
			isa = PBXContainerItemProxy;
			containerPortal = 2CDAB4742F03B74A00376B93 /* Project object */;
			proxyType = 1;
			remoteGlobalIDString = 2CDAB47B2F03B74A00376B93;
			remoteInfo = prizepantry;
		};
		2CDAB50D2F0D984400376B93 /* PBXContainerItemProxy */ = {
			isa = PBXContainerItemProxy;
			containerPortal = 2CDAB4742F03B74A00376B93 /* Project object */;
			proxyType = 1;
			remoteGlobalIDString = 2CDAB5042F0D984400376B93;
			remoteInfo = TokenTimeMonitor;
		};
		2CDAB5302F0EBDED00376B93 /* PBXContainerItemProxy */ = {
			isa = PBXContainerItemProxy;
			containerPortal = 2CDAB4742F03B74A00376B93 /* Project object */;
			proxyType = 1;
			remoteGlobalIDString = 2CDAB51C2F0EBDEB00376B93;
			remoteInfo = PrizePantryWidgetsExtension;
		};
		2CDAB54B2F0F09FA00376B93 /* PBXContainerItemProxy */ = {
			isa = PBXContainerItemProxy;
			containerPortal = 2CDAB4742F03B74A00376B93 /* Project object */;
			proxyType = 1;
			remoteGlobalIDString = 2CDAB5402F0F09FA00376B93;
			remoteInfo = TokenTimeReport;
		};
/* End PBXContainerItemProxy section */

/* Begin PBXCopyFilesBuildPhase section */
		2CDAB5142F0D984400376B93 /* Embed Foundation Extensions */ = {
			isa = PBXCopyFilesBuildPhase;
			buildActionMask = 2147483647;
			dstPath = "";
			dstSubfolderSpec = 13;
			files = (
				2CDAB50F2F0D984400376B93 /* TokenTimeMonitor.appex in Embed Foundation Extensions */,
				2CDAB5322F0EBDED00376B93 /* PrizePantryWidgetsExtension.appex in Embed Foundation Extensions */,
			);
			name = "Embed Foundation Extensions";
			runOnlyForDeploymentPostprocessing = 0;
		};
		2CDAB5522F0F09FA00376B93 /* Embed ExtensionKit Extensions */ = {
			isa = PBXCopyFilesBuildPhase;
			buildActionMask = 2147483647;
			dstPath = "$(EXTENSIONS_FOLDER_PATH)";
			dstSubfolderSpec = 16;
			files = (
				2CDAB54D2F0F09FA00376B93 /* TokenTimeReport.appex in Embed ExtensionKit Extensions */,
			);
			name = "Embed ExtensionKit Extensions";
			runOnlyForDeploymentPostprocessing = 0;
		};
/* End PBXCopyFilesBuildPhase section */

/* Begin PBXFileReference section */
		2CDAB47C2F03B74A00376B93 /* prizepantry.app */ = {isa = PBXFileReference; explicitFileType = wrapper.application; includeInIndex = 0; path = prizepantry.app; sourceTree = BUILT_PRODUCTS_DIR; };
		2CDAB48C2F03B74B00376B93 /* prizepantryTests.xctest */ = {isa = PBXFileReference; explicitFileType = wrapper.cfbundle; includeInIndex = 0; path = prizepantryTests.xctest; sourceTree = BUILT_PRODUCTS_DIR; };
		2CDAB4962F03B74B00376B93 /* prizepantryUITests.xctest */ = {isa = PBXFileReference; explicitFileType = wrapper.cfbundle; includeInIndex = 0; path = prizepantryUITests.xctest; sourceTree = BUILT_PRODUCTS_DIR; };
		2CDAB4BA2F058A8300376B93 /* .gitignore */ = {isa = PBXFileReference; lastKnownFileType = text; path = .gitignore; sourceTree = "<group>"; };
		2CDAB4BD2F06231C00376B93 /* AuthenticationServices.framework */ = {isa = PBXFileReference; lastKnownFileType = wrapper.framework; name = AuthenticationServices.framework; path = Platforms/iPhoneOS.platform/Developer/SDKs/iPhoneOS18.5.sdk/System/Library/Frameworks/AuthenticationServices.framework; sourceTree = DEVELOPER_DIR; };
		2CDAB4BF2F06232200376B93 /* CryptoKit.framework */ = {isa = PBXFileReference; lastKnownFileType = wrapper.framework; name = CryptoKit.framework; path = Platforms/iPhoneOS.platform/Developer/SDKs/iPhoneOS18.5.sdk/System/Library/Frameworks/CryptoKit.framework; sourceTree = DEVELOPER_DIR; };
		2CDAB5052F0D984400376B93 /* TokenTimeMonitor.appex */ = {isa = PBXFileReference; explicitFileType = "wrapper.app-extension"; includeInIndex = 0; path = TokenTimeMonitor.appex; sourceTree = BUILT_PRODUCTS_DIR; };
		2CDAB5062F0D984400376B93 /* DeviceActivity.framework */ = {isa = PBXFileReference; lastKnownFileType = wrapper.framework; name = DeviceActivity.framework; path = System/Library/Frameworks/DeviceActivity.framework; sourceTree = SDKROOT; };
		2CDAB51D2F0EBDEB00376B93 /* PrizePantryWidgetsExtension.appex */ = {isa = PBXFileReference; explicitFileType = "wrapper.app-extension"; includeInIndex = 0; path = PrizePantryWidgetsExtension.appex; sourceTree = BUILT_PRODUCTS_DIR; };
		2CDAB51E2F0EBDEB00376B93 /* WidgetKit.framework */ = {isa = PBXFileReference; lastKnownFileType = wrapper.framework; name = WidgetKit.framework; path = System/Library/Frameworks/WidgetKit.framework; sourceTree = SDKROOT; };
		2CDAB5202F0EBDEB00376B93 /* SwiftUI.framework */ = {isa = PBXFileReference; lastKnownFileType = wrapper.framework; name = SwiftUI.framework; path = System/Library/Frameworks/SwiftUI.framework; sourceTree = SDKROOT; };
		2CDAB5412F0F09FA00376B93 /* TokenTimeReport.appex */ = {isa = PBXFileReference; explicitFileType = "wrapper.extensionkit-extension"; includeInIndex = 0; path = TokenTimeReport.appex; sourceTree = BUILT_PRODUCTS_DIR; };
		2CDAB5572F0F0C9700376B93 /* DeviceActivity.framework */ = {isa = PBXFileReference; lastKnownFileType = wrapper.framework; name = DeviceActivity.framework; path = Platforms/iPhoneOS.platform/Developer/SDKs/iPhoneOS18.5.sdk/System/Library/Frameworks/DeviceActivity.framework; sourceTree = DEVELOPER_DIR; };
/* End PBXFileReference section */

/* Begin PBXFileSystemSynchronizedBuildFileExceptionSet section */
		2CDAB5102F0D984400376B93 /* Exceptions for "TokenTimeMonitor" folder in "TokenTimeMonitor" target */ = {
			isa = PBXFileSystemSynchronizedBuildFileExceptionSet;
			membershipExceptions = (
				Info.plist,
			);
			target = 2CDAB5042F0D984400376B93 /* TokenTimeMonitor */;
		};
		2CDAB5332F0EBDED00376B93 /* Exceptions for "PrizePantryWidgets" folder in "PrizePantryWidgetsExtension" target */ = {
			isa = PBXFileSystemSynchronizedBuildFileExceptionSet;
			membershipExceptions = (
				Info.plist,
			);
			target = 2CDAB51C2F0EBDEB00376B93 /* PrizePantryWidgetsExtension */;
		};
		2CDAB5382F0EFC2100376B93 /* Exceptions for "prizepantry" folder in "prizepantry" target */ = {
			isa = PBXFileSystemSynchronizedBuildFileExceptionSet;
			membershipExceptions = (
				Info.plist,
			);
			target = 2CDAB47B2F03B74A00376B93 /* prizepantry */;
		};
		2CDAB53C2F0EFEE800376B93 /* Exceptions for "prizepantry" folder in "PrizePantryWidgetsExtension" target */ = {
			isa = PBXFileSystemSynchronizedBuildFileExceptionSet;
			membershipExceptions = (
				PrizePantryActivityAttributes.swift,
			);
			target = 2CDAB51C2F0EBDEB00376B93 /* PrizePantryWidgetsExtension */;
		};
		2CDAB5512F0F09FA00376B93 /* Exceptions for "TokenTimeReport" folder in "TokenTimeReport" target */ = {
			isa = PBXFileSystemSynchronizedBuildFileExceptionSet;
			membershipExceptions = (
				Info.plist,
			);
			target = 2CDAB5402F0F09FA00376B93 /* TokenTimeReport */;
		};
		2CDAB5562F0F0B9F00376B93 /* Exceptions for "prizepantry" folder in "TokenTimeReport" target */ = {
			isa = PBXFileSystemSynchronizedBuildFileExceptionSet;
			membershipExceptions = (
				DeviceActivityConstants.swift,
			);
			target = 2CDAB5402F0F09FA00376B93 /* TokenTimeReport */;
		};
/* End PBXFileSystemSynchronizedBuildFileExceptionSet section */

/* Begin PBXFileSystemSynchronizedRootGroup section */
		2CDAB47E2F03B74A00376B93 /* prizepantry */ = {
			isa = PBXFileSystemSynchronizedRootGroup;
			exceptions = (
				2CDAB5382F0EFC2100376B93 /* Exceptions for "prizepantry" folder in "prizepantry" target */,
				2CDAB53C2F0EFEE800376B93 /* Exceptions for "prizepantry" folder in "PrizePantryWidgetsExtension" target */,
				2CDAB5562F0F0B9F00376B93 /* Exceptions for "prizepantry" folder in "TokenTimeReport" target */,
			);
			path = prizepantry;
			sourceTree = "<group>";
		};
		2CDAB48F2F03B74B00376B93 /* prizepantryTests */ = {
			isa = PBXFileSystemSynchronizedRootGroup;
			path = prizepantryTests;
			sourceTree = "<group>";
		};
		2CDAB4992F03B74B00376B93 /* prizepantryUITests */ = {
			isa = PBXFileSystemSynchronizedRootGroup;
			path = prizepantryUITests;
			sourceTree = "<group>";
		};
		2CDAB5082F0D984400376B93 /* TokenTimeMonitor */ = {
			isa = PBXFileSystemSynchronizedRootGroup;
			exceptions = (
				2CDAB5102F0D984400376B93 /* Exceptions for "TokenTimeMonitor" folder in "TokenTimeMonitor" target */,
			);
			path = TokenTimeMonitor;
			sourceTree = "<group>";
		};
		2CDAB5222F0EBDEB00376B93 /* PrizePantryWidgets */ = {
			isa = PBXFileSystemSynchronizedRootGroup;
			exceptions = (
				2CDAB5332F0EBDED00376B93 /* Exceptions for "PrizePantryWidgets" folder in "PrizePantryWidgetsExtension" target */,
			);
			path = PrizePantryWidgets;
			sourceTree = "<group>";
		};
		2CDAB5422F0F09FA00376B93 /* TokenTimeReport */ = {
			isa = PBXFileSystemSynchronizedRootGroup;
			exceptions = (
				2CDAB5512F0F09FA00376B93 /* Exceptions for "TokenTimeReport" folder in "TokenTimeReport" target */,
			);
			path = TokenTimeReport;
			sourceTree = "<group>";
		};
/* End PBXFileSystemSynchronizedRootGroup section */

/* Begin PBXFrameworksBuildPhase section */
		2CDAB4792F03B74A00376B93 /* Frameworks */ = {
			isa = PBXFrameworksBuildPhase;
			buildActionMask = 2147483647;
			files = (
				2CDAB4C02F06232200376B93 /* CryptoKit.framework in Frameworks */,
				2CDAB4C62F06245100376B93 /* FirebaseAuth in Frameworks */,
				2CDAB4BE2F06231C00376B93 /* AuthenticationServices.framework in Frameworks */,
				2CDAB4B12F0450D600376B93 /* FirebaseFirestore in Frameworks */,
				2CDAB4B32F0450D600376B93 /* FirebaseFirestoreCombine-Community in Frameworks */,
				2CDAB5592F0F0CD300376B93 /* DeviceActivity.framework in Frameworks */,
			);
			runOnlyForDeploymentPostprocessing = 0;
		};
		2CDAB4892F03B74B00376B93 /* Frameworks */ = {
			isa = PBXFrameworksBuildPhase;
			buildActionMask = 2147483647;
			files = (
			);
			runOnlyForDeploymentPostprocessing = 0;
		};
		2CDAB4932F03B74B00376B93 /* Frameworks */ = {
			isa = PBXFrameworksBuildPhase;
			buildActionMask = 2147483647;
			files = (
			);
			runOnlyForDeploymentPostprocessing = 0;
		};
		2CDAB5022F0D984400376B93 /* Frameworks */ = {
			isa = PBXFrameworksBuildPhase;
			buildActionMask = 2147483647;
			files = (
				2CDAB5072F0D984400376B93 /* DeviceActivity.framework in Frameworks */,
			);
			runOnlyForDeploymentPostprocessing = 0;
		};
		2CDAB51A2F0EBDEB00376B93 /* Frameworks */ = {
			isa = PBXFrameworksBuildPhase;
			buildActionMask = 2147483647;
			files = (
				2CDAB5212F0EBDEB00376B93 /* SwiftUI.framework in Frameworks */,
				2CDAB51F2F0EBDEB00376B93 /* WidgetKit.framework in Frameworks */,
			);
			runOnlyForDeploymentPostprocessing = 0;
		};
		2CDAB53E2F0F09FA00376B93 /* Frameworks */ = {
			isa = PBXFrameworksBuildPhase;
			buildActionMask = 2147483647;
			files = (
				2CDAB5582F0F0C9700376B93 /* DeviceActivity.framework in Frameworks */,
			);
			runOnlyForDeploymentPostprocessing = 0;
		};
/* End PBXFrameworksBuildPhase section */

/* Begin PBXGroup section */
		2CDAB4732F03B74A00376B93 = {
			isa = PBXGroup;
			children = (
				2CDAB4BA2F058A8300376B93 /* .gitignore */,
				2CDAB47E2F03B74A00376B93 /* prizepantry */,
				2CDAB48F2F03B74B00376B93 /* prizepantryTests */,
				2CDAB4992F03B74B00376B93 /* prizepantryUITests */,
				2CDAB5082F0D984400376B93 /* TokenTimeMonitor */,
				2CDAB5222F0EBDEB00376B93 /* PrizePantryWidgets */,
				2CDAB5422F0F09FA00376B93 /* TokenTimeReport */,
				2CDAB4BC2F06231C00376B93 /* Frameworks */,
				2CDAB47D2F03B74A00376B93 /* Products */,
			);
			sourceTree = "<group>";
		};
		2CDAB47D2F03B74A00376B93 /* Products */ = {
			isa = PBXGroup;
			children = (
				2CDAB47C2F03B74A00376B93 /* prizepantry.app */,
				2CDAB48C2F03B74B00376B93 /* prizepantryTests.xctest */,
				2CDAB4962F03B74B00376B93 /* prizepantryUITests.xctest */,
				2CDAB5052F0D984400376B93 /* TokenTimeMonitor.appex */,
				2CDAB51D2F0EBDEB00376B93 /* PrizePantryWidgetsExtension.appex */,
				2CDAB5412F0F09FA00376B93 /* TokenTimeReport.appex */,
			);
			name = Products;
			sourceTree = "<group>";
		};
		2CDAB4BC2F06231C00376B93 /* Frameworks */ = {
			isa = PBXGroup;
			children = (
				2CDAB5572F0F0C9700376B93 /* DeviceActivity.framework */,
				2CDAB4BF2F06232200376B93 /* CryptoKit.framework */,
				2CDAB4BD2F06231C00376B93 /* AuthenticationServices.framework */,
				2CDAB5062F0D984400376B93 /* DeviceActivity.framework */,
				2CDAB51E2F0EBDEB00376B93 /* WidgetKit.framework */,
				2CDAB5202F0EBDEB00376B93 /* SwiftUI.framework */,
			);
			name = Frameworks;
			sourceTree = "<group>";
		};
/* End PBXGroup section */

/* Begin PBXNativeTarget section */
		2CDAB47B2F03B74A00376B93 /* prizepantry */ = {
			isa = PBXNativeTarget;
			buildConfigurationList = 2CDAB4A02F03B74B00376B93 /* Build configuration list for PBXNativeTarget "prizepantry" */;
			buildPhases = (
				2CDAB4782F03B74A00376B93 /* Sources */,
				2CDAB4792F03B74A00376B93 /* Frameworks */,
				2CDAB47A2F03B74A00376B93 /* Resources */,
				2CDAB5142F0D984400376B93 /* Embed Foundation Extensions */,
				2CDAB5522F0F09FA00376B93 /* Embed ExtensionKit Extensions */,
			);
			buildRules = (
			);
			dependencies = (
				2CDAB50E2F0D984400376B93 /* PBXTargetDependency */,
				2CDAB5312F0EBDED00376B93 /* PBXTargetDependency */,
				2CDAB54C2F0F09FA00376B93 /* PBXTargetDependency */,
			);
			fileSystemSynchronizedGroups = (
				2CDAB47E2F03B74A00376B93 /* prizepantry */,
			);
			name = prizepantry;
			packageProductDependencies = (
				2CDAB4B02F0450D600376B93 /* FirebaseFirestore */,
				2CDAB4B22F0450D600376B93 /* FirebaseFirestoreCombine-Community */,
				2CDAB4C52F06245100376B93 /* FirebaseAuth */,
			);
			productName = prizepantry;
			productReference = 2CDAB47C2F03B74A00376B93 /* prizepantry.app */;
			productType = "com.apple.product-type.application";
		};
		2CDAB48B2F03B74B00376B93 /* prizepantryTests */ = {
			isa = PBXNativeTarget;
			buildConfigurationList = 2CDAB4A32F03B74B00376B93 /* Build configuration list for PBXNativeTarget "prizepantryTests" */;
			buildPhases = (
				2CDAB4882F03B74B00376B93 /* Sources */,
				2CDAB4892F03B74B00376B93 /* Frameworks */,
				2CDAB48A2F03B74B00376B93 /* Resources */,
			);
			buildRules = (
			);
			dependencies = (
				2CDAB48E2F03B74B00376B93 /* PBXTargetDependency */,
			);
			fileSystemSynchronizedGroups = (
				2CDAB48F2F03B74B00376B93 /* prizepantryTests */,
			);
			name = prizepantryTests;
			packageProductDependencies = (
			);
			productName = prizepantryTests;
			productReference = 2CDAB48C2F03B74B00376B93 /* prizepantryTests.xctest */;
			productType = "com.apple.product-type.bundle.unit-test";
		};
		2CDAB4952F03B74B00376B93 /* prizepantryUITests */ = {
			isa = PBXNativeTarget;
			buildConfigurationList = 2CDAB4A62F03B74B00376B93 /* Build configuration list for PBXNativeTarget "prizepantryUITests" */;
			buildPhases = (
				2CDAB4922F03B74B00376B93 /* Sources */,
				2CDAB4932F03B74B00376B93 /* Frameworks */,
				2CDAB4942F03B74B00376B93 /* Resources */,
			);
			buildRules = (
			);
			dependencies = (
				2CDAB4982F03B74B00376B93 /* PBXTargetDependency */,
			);
			fileSystemSynchronizedGroups = (
				2CDAB4992F03B74B00376B93 /* prizepantryUITests */,
			);
			name = prizepantryUITests;
			packageProductDependencies = (
			);
			productName = prizepantryUITests;
			productReference = 2CDAB4962F03B74B00376B93 /* prizepantryUITests.xctest */;
			productType = "com.apple.product-type.bundle.ui-testing";
		};
		2CDAB5042F0D984400376B93 /* TokenTimeMonitor */ = {
			isa = PBXNativeTarget;
			buildConfigurationList = 2CDAB5112F0D984400376B93 /* Build configuration list for PBXNativeTarget "TokenTimeMonitor" */;
			buildPhases = (
				2CDAB5012F0D984400376B93 /* Sources */,
				2CDAB5022F0D984400376B93 /* Frameworks */,
				2CDAB5032F0D984400376B93 /* Resources */,
			);
			buildRules = (
			);
			dependencies = (
			);
			fileSystemSynchronizedGroups = (
				2CDAB5082F0D984400376B93 /* TokenTimeMonitor */,
			);
			name = TokenTimeMonitor;
			packageProductDependencies = (
			);
			productName = TokenTimeMonitor;
			productReference = 2CDAB5052F0D984400376B93 /* TokenTimeMonitor.appex */;
			productType = "com.apple.product-type.app-extension";
		};
		2CDAB51C2F0EBDEB00376B93 /* PrizePantryWidgetsExtension */ = {
			isa = PBXNativeTarget;
			buildConfigurationList = 2CDAB5342F0EBDED00376B93 /* Build configuration list for PBXNativeTarget "PrizePantryWidgetsExtension" */;
			buildPhases = (
				2CDAB5192F0EBDEB00376B93 /* Sources */,
				2CDAB51A2F0EBDEB00376B93 /* Frameworks */,
				2CDAB51B2F0EBDEB00376B93 /* Resources */,
			);
			buildRules = (
			);
			dependencies = (
			);
			fileSystemSynchronizedGroups = (
				2CDAB5222F0EBDEB00376B93 /* PrizePantryWidgets */,
			);
			name = PrizePantryWidgetsExtension;
			packageProductDependencies = (
			);
			productName = PrizePantryWidgetsExtension;
			productReference = 2CDAB51D2F0EBDEB00376B93 /* PrizePantryWidgetsExtension.appex */;
			productType = "com.apple.product-type.app-extension";
		};
		2CDAB5402F0F09FA00376B93 /* TokenTimeReport */ = {
			isa = PBXNativeTarget;
			buildConfigurationList = 2CDAB54E2F0F09FA00376B93 /* Build configuration list for PBXNativeTarget "TokenTimeReport" */;
			buildPhases = (
				2CDAB53D2F0F09FA00376B93 /* Sources */,
				2CDAB53E2F0F09FA00376B93 /* Frameworks */,
				2CDAB53F2F0F09FA00376B93 /* Resources */,
			);
			buildRules = (
			);
			dependencies = (
			);
			fileSystemSynchronizedGroups = (
				2CDAB5422F0F09FA00376B93 /* TokenTimeReport */,
			);
			name = TokenTimeReport;
			packageProductDependencies = (
			);
			productName = TokenTimeReport;
			productReference = 2CDAB5412F0F09FA00376B93 /* TokenTimeReport.appex */;
			productType = "com.apple.product-type.extensionkit-extension";
		};
/* End PBXNativeTarget section */

/* Begin PBXProject section */
		2CDAB4742F03B74A00376B93 /* Project object */ = {
			isa = PBXProject;
			attributes = {
				BuildIndependentTargetsInParallel = 1;
				LastSwiftUpdateCheck = 1640;
				LastUpgradeCheck = 1640;
				TargetAttributes = {
					2CDAB47B2F03B74A00376B93 = {
						CreatedOnToolsVersion = 16.4;
					};
					2CDAB48B2F03B74B00376B93 = {
						CreatedOnToolsVersion = 16.4;
						TestTargetID = 2CDAB47B2F03B74A00376B93;
					};
					2CDAB4952F03B74B00376B93 = {
						CreatedOnToolsVersion = 16.4;
						TestTargetID = 2CDAB47B2F03B74A00376B93;
					};
					2CDAB5042F0D984400376B93 = {
						CreatedOnToolsVersion = 16.4;
					};
					2CDAB51C2F0EBDEB00376B93 = {
						CreatedOnToolsVersion = 16.4;
					};
					2CDAB5402F0F09FA00376B93 = {
						CreatedOnToolsVersion = 16.4;
					};
				};
			};
			buildConfigurationList = 2CDAB4772F03B74A00376B93 /* Build configuration list for PBXProject "prizepantry" */;
			developmentRegion = en;
			hasScannedForEncodings = 0;
			knownRegions = (
				en,
				Base,
			);
			mainGroup = 2CDAB4732F03B74A00376B93;
			minimizedProjectReferenceProxies = 1;
			packageReferences = (
				2CDAB4AF2F0450D600376B93 /* XCRemoteSwiftPackageReference "firebase-ios-sdk" */,
			);
			preferredProjectObjectVersion = 77;
			productRefGroup = 2CDAB47D2F03B74A00376B93 /* Products */;
			projectDirPath = "";
			projectRoot = "";
			targets = (
				2CDAB47B2F03B74A00376B93 /* prizepantry */,
				2CDAB48B2F03B74B00376B93 /* prizepantryTests */,
				2CDAB4952F03B74B00376B93 /* prizepantryUITests */,
				2CDAB5042F0D984400376B93 /* TokenTimeMonitor */,
				2CDAB51C2F0EBDEB00376B93 /* PrizePantryWidgetsExtension */,
				2CDAB5402F0F09FA00376B93 /* TokenTimeReport */,
			);
		};
/* End PBXProject section */

/* Begin PBXResourcesBuildPhase section */
		2CDAB47A2F03B74A00376B93 /* Resources */ = {
			isa = PBXResourcesBuildPhase;
			buildActionMask = 2147483647;
			files = (
				2CDAB4BB2F058A8B00376B93 /* .gitignore in Resources */,
			);
			runOnlyForDeploymentPostprocessing = 0;
		};
		2CDAB48A2F03B74B00376B93 /* Resources */ = {
			isa = PBXResourcesBuildPhase;
			buildActionMask = 2147483647;
			files = (
			);
			runOnlyForDeploymentPostprocessing = 0;
		};
		2CDAB4942F03B74B00376B93 /* Resources */ = {
			isa = PBXResourcesBuildPhase;
			buildActionMask = 2147483647;
			files = (
			);
			runOnlyForDeploymentPostprocessing = 0;
		};
		2CDAB5032F0D984400376B93 /* Resources */ = {
			isa = PBXResourcesBuildPhase;
			buildActionMask = 2147483647;
			files = (
			);
			runOnlyForDeploymentPostprocessing = 0;
		};
		2CDAB51B2F0EBDEB00376B93 /* Resources */ = {
			isa = PBXResourcesBuildPhase;
			buildActionMask = 2147483647;
			files = (
			);
			runOnlyForDeploymentPostprocessing = 0;
		};
		2CDAB53F2F0F09FA00376B93 /* Resources */ = {
			isa = PBXResourcesBuildPhase;
			buildActionMask = 2147483647;
			files = (
			);
			runOnlyForDeploymentPostprocessing = 0;
		};
/* End PBXResourcesBuildPhase section */

/* Begin PBXSourcesBuildPhase section */
		2CDAB4782F03B74A00376B93 /* Sources */ = {
			isa = PBXSourcesBuildPhase;
			buildActionMask = 2147483647;
			files = (
			);
			runOnlyForDeploymentPostprocessing = 0;
		};
		2CDAB4882F03B74B00376B93 /* Sources */ = {
			isa = PBXSourcesBuildPhase;
			buildActionMask = 2147483647;
			files = (
			);
			runOnlyForDeploymentPostprocessing = 0;
		};
		2CDAB4922F03B74B00376B93 /* Sources */ = {
			isa = PBXSourcesBuildPhase;
			buildActionMask = 2147483647;
			files = (
			);
			runOnlyForDeploymentPostprocessing = 0;
		};
		2CDAB5012F0D984400376B93 /* Sources */ = {
			isa = PBXSourcesBuildPhase;
			buildActionMask = 2147483647;
			files = (
			);
			runOnlyForDeploymentPostprocessing = 0;
		};
		2CDAB5192F0EBDEB00376B93 /* Sources */ = {
			isa = PBXSourcesBuildPhase;
			buildActionMask = 2147483647;
			files = (
			);
			runOnlyForDeploymentPostprocessing = 0;
		};
		2CDAB53D2F0F09FA00376B93 /* Sources */ = {
			isa = PBXSourcesBuildPhase;
			buildActionMask = 2147483647;
			files = (
			);
			runOnlyForDeploymentPostprocessing = 0;
		};
/* End PBXSourcesBuildPhase section */

/* Begin PBXTargetDependency section */
		2CDAB48E2F03B74B00376B93 /* PBXTargetDependency */ = {
			isa = PBXTargetDependency;
			target = 2CDAB47B2F03B74A00376B93 /* prizepantry */;
			targetProxy = 2CDAB48D2F03B74B00376B93 /* PBXContainerItemProxy */;
		};
		2CDAB4982F03B74B00376B93 /* PBXTargetDependency */ = {
			isa = PBXTargetDependency;
			target = 2CDAB47B2F03B74A00376B93 /* prizepantry */;
			targetProxy = 2CDAB4972F03B74B00376B93 /* PBXContainerItemProxy */;
		};
		2CDAB50E2F0D984400376B93 /* PBXTargetDependency */ = {
			isa = PBXTargetDependency;
			target = 2CDAB5042F0D984400376B93 /* TokenTimeMonitor */;
			targetProxy = 2CDAB50D2F0D984400376B93 /* PBXContainerItemProxy */;
		};
		2CDAB5312F0EBDED00376B93 /* PBXTargetDependency */ = {
			isa = PBXTargetDependency;
			target = 2CDAB51C2F0EBDEB00376B93 /* PrizePantryWidgetsExtension */;
			targetProxy = 2CDAB5302F0EBDED00376B93 /* PBXContainerItemProxy */;
		};
		2CDAB54C2F0F09FA00376B93 /* PBXTargetDependency */ = {
			isa = PBXTargetDependency;
			target = 2CDAB5402F0F09FA00376B93 /* TokenTimeReport */;
			targetProxy = 2CDAB54B2F0F09FA00376B93 /* PBXContainerItemProxy */;
		};
/* End PBXTargetDependency section */

/* Begin XCBuildConfiguration section */
		2CDAB49E2F03B74B00376B93 /* Debug */ = {
			isa = XCBuildConfiguration;
			buildSettings = {
				ALWAYS_SEARCH_USER_PATHS = NO;
				ASSETCATALOG_COMPILER_GENERATE_SWIFT_ASSET_SYMBOL_EXTENSIONS = YES;
				CLANG_ANALYZER_NONNULL = YES;
				CLANG_ANALYZER_NUMBER_OBJECT_CONVERSION = YES_AGGRESSIVE;
				CLANG_CXX_LANGUAGE_STANDARD = "gnu++20";
				CLANG_ENABLE_MODULES = YES;
				CLANG_ENABLE_OBJC_ARC = YES;
				CLANG_ENABLE_OBJC_WEAK = YES;
				CLANG_WARN_BLOCK_CAPTURE_AUTORELEASING = YES;
				CLANG_WARN_BOOL_CONVERSION = YES;
				CLANG_WARN_COMMA = YES;
				CLANG_WARN_CONSTANT_CONVERSION = YES;
				CLANG_WARN_DEPRECATED_OBJC_IMPLEMENTATIONS = YES;
				CLANG_WARN_DIRECT_OBJC_ISA_USAGE = YES_ERROR;
				CLANG_WARN_DOCUMENTATION_COMMENTS = YES;
				CLANG_WARN_EMPTY_BODY = YES;
				CLANG_WARN_ENUM_CONVERSION = YES;
				CLANG_WARN_INFINITE_RECURSION = YES;
				CLANG_WARN_INT_CONVERSION = YES;
				CLANG_WARN_NON_LITERAL_NULL_CONVERSION = YES;
				CLANG_WARN_OBJC_IMPLICIT_RETAIN_SELF = YES;
				CLANG_WARN_OBJC_LITERAL_CONVERSION = YES;
				CLANG_WARN_OBJC_ROOT_CLASS = YES_ERROR;
				CLANG_WARN_QUOTED_INCLUDE_IN_FRAMEWORK_HEADER = YES;
				CLANG_WARN_RANGE_LOOP_ANALYSIS = YES;
				CLANG_WARN_STRICT_PROTOTYPES = YES;
				CLANG_WARN_SUSPICIOUS_MOVE = YES;
				CLANG_WARN_UNGUARDED_AVAILABILITY = YES_AGGRESSIVE;
				CLANG_WARN_UNREACHABLE_CODE = YES;
				CLANG_WARN__DUPLICATE_METHOD_MATCH = YES;
				COPY_PHASE_STRIP = NO;
				DEBUG_INFORMATION_FORMAT = dwarf;
				ENABLE_STRICT_OBJC_MSGSEND = YES;
				ENABLE_TESTABILITY = YES;
				ENABLE_USER_SCRIPT_SANDBOXING = YES;
				GCC_C_LANGUAGE_STANDARD = gnu17;
				GCC_DYNAMIC_NO_PIC = NO;
				GCC_NO_COMMON_BLOCKS = YES;
				GCC_OPTIMIZATION_LEVEL = 0;
				GCC_PREPROCESSOR_DEFINITIONS = (
					"DEBUG=1",
					"$(inherited)",
				);
				GCC_WARN_64_TO_32_BIT_CONVERSION = YES;
				GCC_WARN_ABOUT_RETURN_TYPE = YES_ERROR;
				GCC_WARN_UNDECLARED_SELECTOR = YES;
				GCC_WARN_UNINITIALIZED_AUTOS = YES_AGGRESSIVE;
				GCC_WARN_UNUSED_FUNCTION = YES;
				GCC_WARN_UNUSED_VARIABLE = YES;
				LOCALIZATION_PREFERS_STRING_CATALOGS = YES;
				MTL_ENABLE_DEBUG_INFO = INCLUDE_SOURCE;
				MTL_FAST_MATH = YES;
				ONLY_ACTIVE_ARCH = YES;
				SWIFT_ACTIVE_COMPILATION_CONDITIONS = "DEBUG $(inherited)";
				SWIFT_OPTIMIZATION_LEVEL = "-Onone";
			};
			name = Debug;
		};
		2CDAB49F2F03B74B00376B93 /* Release */ = {
			isa = XCBuildConfiguration;
			buildSettings = {
				ALWAYS_SEARCH_USER_PATHS = NO;
				ASSETCATALOG_COMPILER_GENERATE_SWIFT_ASSET_SYMBOL_EXTENSIONS = YES;
				CLANG_ANALYZER_NONNULL = YES;
				CLANG_ANALYZER_NUMBER_OBJECT_CONVERSION = YES_AGGRESSIVE;
				CLANG_CXX_LANGUAGE_STANDARD = "gnu++20";
				CLANG_ENABLE_MODULES = YES;
				CLANG_ENABLE_OBJC_ARC = YES;
				CLANG_ENABLE_OBJC_WEAK = YES;
				CLANG_WARN_BLOCK_CAPTURE_AUTORELEASING = YES;
				CLANG_WARN_BOOL_CONVERSION = YES;
				CLANG_WARN_COMMA = YES;
				CLANG_WARN_CONSTANT_CONVERSION = YES;
				CLANG_WARN_DEPRECATED_OBJC_IMPLEMENTATIONS = YES;
				CLANG_WARN_DIRECT_OBJC_ISA_USAGE = YES_ERROR;
				CLANG_WARN_DOCUMENTATION_COMMENTS = YES;
				CLANG_WARN_EMPTY_BODY = YES;
				CLANG_WARN_ENUM_CONVERSION = YES;
				CLANG_WARN_INFINITE_RECURSION = YES;
				CLANG_WARN_INT_CONVERSION = YES;
				CLANG_WARN_NON_LITERAL_NULL_CONVERSION = YES;
				CLANG_WARN_OBJC_IMPLICIT_RETAIN_SELF = YES;
				CLANG_WARN_OBJC_LITERAL_CONVERSION = YES;
				CLANG_WARN_OBJC_ROOT_CLASS = YES_ERROR;
				CLANG_WARN_QUOTED_INCLUDE_IN_FRAMEWORK_HEADER = YES;
				CLANG_WARN_RANGE_LOOP_ANALYSIS = YES;
				CLANG_WARN_STRICT_PROTOTYPES = YES;
				CLANG_WARN_SUSPICIOUS_MOVE = YES;
				CLANG_WARN_UNGUARDED_AVAILABILITY = YES_AGGRESSIVE;
				CLANG_WARN_UNREACHABLE_CODE = YES;
				CLANG_WARN__DUPLICATE_METHOD_MATCH = YES;
				COPY_PHASE_STRIP = NO;
				DEBUG_INFORMATION_FORMAT = "dwarf-with-dsym";
				ENABLE_NS_ASSERTIONS = NO;
				ENABLE_STRICT_OBJC_MSGSEND = YES;
				ENABLE_USER_SCRIPT_SANDBOXING = YES;
				GCC_C_LANGUAGE_STANDARD = gnu17;
				GCC_NO_COMMON_BLOCKS = YES;
				GCC_WARN_64_TO_32_BIT_CONVERSION = YES;
				GCC_WARN_ABOUT_RETURN_TYPE = YES_ERROR;
				GCC_WARN_UNDECLARED_SELECTOR = YES;
				GCC_WARN_UNINITIALIZED_AUTOS = YES_AGGRESSIVE;
				GCC_WARN_UNUSED_FUNCTION = YES;
				GCC_WARN_UNUSED_VARIABLE = YES;
				LOCALIZATION_PREFERS_STRING_CATALOGS = YES;
				MTL_ENABLE_DEBUG_INFO = NO;
				MTL_FAST_MATH = YES;
				SWIFT_COMPILATION_MODE = wholemodule;
			};
			name = Release;
		};
		2CDAB4A12F03B74B00376B93 /* Debug */ = {
			isa = XCBuildConfiguration;
			buildSettings = {
				ASSETCATALOG_COMPILER_APPICON_NAME = AppIcon;
				ASSETCATALOG_COMPILER_GLOBAL_ACCENT_COLOR_NAME = AccentColor;
				CODE_SIGN_ENTITLEMENTS = prizepantry/prizepantry.entitlements;
				CODE_SIGN_STYLE = Automatic;
				CURRENT_PROJECT_VERSION = 1;
				DEVELOPMENT_TEAM = WG26LH7N8J;
				ENABLE_PREVIEWS = YES;
				GENERATE_INFOPLIST_FILE = YES;
				INFOPLIST_FILE = prizepantry/Info.plist;
				"INFOPLIST_KEY_UIApplicationSceneManifest_Generation[sdk=iphoneos*]" = YES;
				"INFOPLIST_KEY_UIApplicationSceneManifest_Generation[sdk=iphonesimulator*]" = YES;
				"INFOPLIST_KEY_UIApplicationSupportsIndirectInputEvents[sdk=iphoneos*]" = YES;
				"INFOPLIST_KEY_UIApplicationSupportsIndirectInputEvents[sdk=iphonesimulator*]" = YES;
				"INFOPLIST_KEY_UILaunchScreen_Generation[sdk=iphoneos*]" = YES;
				"INFOPLIST_KEY_UILaunchScreen_Generation[sdk=iphonesimulator*]" = YES;
				"INFOPLIST_KEY_UIStatusBarStyle[sdk=iphoneos*]" = UIStatusBarStyleDefault;
				"INFOPLIST_KEY_UIStatusBarStyle[sdk=iphonesimulator*]" = UIStatusBarStyleDefault;
				INFOPLIST_KEY_UISupportedInterfaceOrientations_iPad = "UIInterfaceOrientationPortrait UIInterfaceOrientationPortraitUpsideDown UIInterfaceOrientationLandscapeLeft UIInterfaceOrientationLandscapeRight";
				INFOPLIST_KEY_UISupportedInterfaceOrientations_iPhone = "UIInterfaceOrientationPortrait UIInterfaceOrientationLandscapeLeft UIInterfaceOrientationLandscapeRight";
				IPHONEOS_DEPLOYMENT_TARGET = 18.5;
				LD_RUNPATH_SEARCH_PATHS = "@executable_path/Frameworks";
				"LD_RUNPATH_SEARCH_PATHS[sdk=macosx*]" = "@executable_path/../Frameworks";
				MACOSX_DEPLOYMENT_TARGET = 14.0;
				MARKETING_VERSION = 1.0;
				PRODUCT_BUNDLE_IDENTIFIER = com.prizepantry.prizepantry;
				PRODUCT_NAME = "$(TARGET_NAME)";
				REGISTER_APP_GROUPS = YES;
				SDKROOT = auto;
				SUPPORTED_PLATFORMS = "iphoneos iphonesimulator macosx";
				SUPPORTS_MACCATALYST = NO;
				SWIFT_EMIT_LOC_STRINGS = YES;
				SWIFT_VERSION = 5.0;
				TARGETED_DEVICE_FAMILY = "1,2";
				XROS_DEPLOYMENT_TARGET = 2.5;
			};
			name = Debug;
		};
		2CDAB4A22F03B74B00376B93 /* Release */ = {
			isa = XCBuildConfiguration;
			buildSettings = {
				ASSETCATALOG_COMPILER_APPICON_NAME = AppIcon;
				ASSETCATALOG_COMPILER_GLOBAL_ACCENT_COLOR_NAME = AccentColor;
				CODE_SIGN_ENTITLEMENTS = prizepantry/prizepantry.entitlements;
				CODE_SIGN_STYLE = Automatic;
				CURRENT_PROJECT_VERSION = 1;
				DEVELOPMENT_TEAM = WG26LH7N8J;
				ENABLE_PREVIEWS = YES;
				GENERATE_INFOPLIST_FILE = YES;
				INFOPLIST_FILE = prizepantry/Info.plist;
				"INFOPLIST_KEY_UIApplicationSceneManifest_Generation[sdk=iphoneos*]" = YES;
				"INFOPLIST_KEY_UIApplicationSceneManifest_Generation[sdk=iphonesimulator*]" = YES;
				"INFOPLIST_KEY_UIApplicationSupportsIndirectInputEvents[sdk=iphoneos*]" = YES;
				"INFOPLIST_KEY_UIApplicationSupportsIndirectInputEvents[sdk=iphonesimulator*]" = YES;
				"INFOPLIST_KEY_UILaunchScreen_Generation[sdk=iphoneos*]" = YES;
				"INFOPLIST_KEY_UILaunchScreen_Generation[sdk=iphonesimulator*]" = YES;
				"INFOPLIST_KEY_UIStatusBarStyle[sdk=iphoneos*]" = UIStatusBarStyleDefault;
				"INFOPLIST_KEY_UIStatusBarStyle[sdk=iphonesimulator*]" = UIStatusBarStyleDefault;
				INFOPLIST_KEY_UISupportedInterfaceOrientations_iPad = "UIInterfaceOrientationPortrait UIInterfaceOrientationPortraitUpsideDown UIInterfaceOrientationLandscapeLeft UIInterfaceOrientationLandscapeRight";
				INFOPLIST_KEY_UISupportedInterfaceOrientations_iPhone = "UIInterfaceOrientationPortrait UIInterfaceOrientationLandscapeLeft UIInterfaceOrientationLandscapeRight";
				IPHONEOS_DEPLOYMENT_TARGET = 18.5;
				LD_RUNPATH_SEARCH_PATHS = "@executable_path/Frameworks";
				"LD_RUNPATH_SEARCH_PATHS[sdk=macosx*]" = "@executable_path/../Frameworks";
				MACOSX_DEPLOYMENT_TARGET = 14.0;
				MARKETING_VERSION = 1.0;
				PRODUCT_BUNDLE_IDENTIFIER = com.prizepantry.prizepantry;
				PRODUCT_NAME = "$(TARGET_NAME)";
				REGISTER_APP_GROUPS = YES;
				SDKROOT = auto;
				SUPPORTED_PLATFORMS = "iphoneos iphonesimulator macosx";
				SUPPORTS_MACCATALYST = NO;
				SWIFT_EMIT_LOC_STRINGS = YES;
				SWIFT_VERSION = 5.0;
				TARGETED_DEVICE_FAMILY = "1,2";
				XROS_DEPLOYMENT_TARGET = 2.5;
			};
			name = Release;
		};
		2CDAB4A42F03B74B00376B93 /* Debug */ = {
			isa = XCBuildConfiguration;
			buildSettings = {
				BUNDLE_LOADER = "$(TEST_HOST)";
				CODE_SIGN_STYLE = Automatic;
				CURRENT_PROJECT_VERSION = 1;
				GENERATE_INFOPLIST_FILE = YES;
				IPHONEOS_DEPLOYMENT_TARGET = 18.5;
				MACOSX_DEPLOYMENT_TARGET = 15.5;
				MARKETING_VERSION = 1.0;
				PRODUCT_BUNDLE_IDENTIFIER = com.prizepantry.prizepantryTests;
				PRODUCT_NAME = "$(TARGET_NAME)";
				SDKROOT = auto;
				SUPPORTED_PLATFORMS = "iphoneos iphonesimulator macosx xros xrsimulator";
				SWIFT_EMIT_LOC_STRINGS = NO;
				SWIFT_VERSION = 5.0;
				TARGETED_DEVICE_FAMILY = "1,2,7";
				TEST_HOST = "$(BUILT_PRODUCTS_DIR)/prizepantry.app/$(BUNDLE_EXECUTABLE_FOLDER_PATH)/prizepantry";
				XROS_DEPLOYMENT_TARGET = 2.5;
			};
			name = Debug;
		};
		2CDAB4A52F03B74B00376B93 /* Release */ = {
			isa = XCBuildConfiguration;
			buildSettings = {
				BUNDLE_LOADER = "$(TEST_HOST)";
				CODE_SIGN_STYLE = Automatic;
				CURRENT_PROJECT_VERSION = 1;
				GENERATE_INFOPLIST_FILE = YES;
				IPHONEOS_DEPLOYMENT_TARGET = 18.5;
				MACOSX_DEPLOYMENT_TARGET = 15.5;
				MARKETING_VERSION = 1.0;
				PRODUCT_BUNDLE_IDENTIFIER = com.prizepantry.prizepantryTests;
				PRODUCT_NAME = "$(TARGET_NAME)";
				SDKROOT = auto;
				SUPPORTED_PLATFORMS = "iphoneos iphonesimulator macosx xros xrsimulator";
				SWIFT_EMIT_LOC_STRINGS = NO;
				SWIFT_VERSION = 5.0;
				TARGETED_DEVICE_FAMILY = "1,2,7";
				TEST_HOST = "$(BUILT_PRODUCTS_DIR)/prizepantry.app/$(BUNDLE_EXECUTABLE_FOLDER_PATH)/prizepantry";
				XROS_DEPLOYMENT_TARGET = 2.5;
			};
			name = Release;
		};
		2CDAB4A72F03B74B00376B93 /* Debug */ = {
			isa = XCBuildConfiguration;
			buildSettings = {
				CODE_SIGN_STYLE = Automatic;
				CURRENT_PROJECT_VERSION = 1;
				GENERATE_INFOPLIST_FILE = YES;
				IPHONEOS_DEPLOYMENT_TARGET = 18.5;
				MACOSX_DEPLOYMENT_TARGET = 15.5;
				MARKETING_VERSION = 1.0;
				PRODUCT_BUNDLE_IDENTIFIER = com.prizepantry.prizepantryUITests;
				PRODUCT_NAME = "$(TARGET_NAME)";
				SDKROOT = auto;
				SUPPORTED_PLATFORMS = "iphoneos iphonesimulator macosx xros xrsimulator";
				SWIFT_EMIT_LOC_STRINGS = NO;
				SWIFT_VERSION = 5.0;
				TARGETED_DEVICE_FAMILY = "1,2,7";
				TEST_TARGET_NAME = prizepantry;
				XROS_DEPLOYMENT_TARGET = 2.5;
			};
			name = Debug;
		};
		2CDAB4A82F03B74B00376B93 /* Release */ = {
			isa = XCBuildConfiguration;
			buildSettings = {
				CODE_SIGN_STYLE = Automatic;
				CURRENT_PROJECT_VERSION = 1;
				GENERATE_INFOPLIST_FILE = YES;
				IPHONEOS_DEPLOYMENT_TARGET = 18.5;
				MACOSX_DEPLOYMENT_TARGET = 15.5;
				MARKETING_VERSION = 1.0;
				PRODUCT_BUNDLE_IDENTIFIER = com.prizepantry.prizepantryUITests;
				PRODUCT_NAME = "$(TARGET_NAME)";
				SDKROOT = auto;
				SUPPORTED_PLATFORMS = "iphoneos iphonesimulator macosx xros xrsimulator";
				SWIFT_EMIT_LOC_STRINGS = NO;
				SWIFT_VERSION = 5.0;
				TARGETED_DEVICE_FAMILY = "1,2,7";
				TEST_TARGET_NAME = prizepantry;
				XROS_DEPLOYMENT_TARGET = 2.5;
			};
			name = Release;
		};
		2CDAB5122F0D984400376B93 /* Debug */ = {
			isa = XCBuildConfiguration;
			buildSettings = {
				CODE_SIGN_ENTITLEMENTS = TokenTimeMonitor/TokenTimeMonitor.entitlements;
				CODE_SIGN_STYLE = Automatic;
				CURRENT_PROJECT_VERSION = 1;
				DEVELOPMENT_TEAM = WG26LH7N8J;
				GENERATE_INFOPLIST_FILE = YES;
				INFOPLIST_FILE = TokenTimeMonitor/Info.plist;
				INFOPLIST_KEY_CFBundleDisplayName = TokenTimeMonitor;
				INFOPLIST_KEY_NSHumanReadableCopyright = "";
				IPHONEOS_DEPLOYMENT_TARGET = 18.5;
				LD_RUNPATH_SEARCH_PATHS = (
					"$(inherited)",
					"@executable_path/Frameworks",
					"@executable_path/../../Frameworks",
				);
				MARKETING_VERSION = 1.0;
				PRODUCT_BUNDLE_IDENTIFIER = com.prizepantry.prizepantry.TokenTimeMonitor;
				PRODUCT_NAME = "$(TARGET_NAME)";
				SDKROOT = iphoneos;
				SKIP_INSTALL = YES;
				SWIFT_EMIT_LOC_STRINGS = YES;
				SWIFT_VERSION = 5.0;
				TARGETED_DEVICE_FAMILY = "1,2";
			};
			name = Debug;
		};
		2CDAB5132F0D984400376B93 /* Release */ = {
			isa = XCBuildConfiguration;
			buildSettings = {
				CODE_SIGN_ENTITLEMENTS = TokenTimeMonitor/TokenTimeMonitor.entitlements;
				CODE_SIGN_STYLE = Automatic;
				CURRENT_PROJECT_VERSION = 1;
				DEVELOPMENT_TEAM = WG26LH7N8J;
				GENERATE_INFOPLIST_FILE = YES;
				INFOPLIST_FILE = TokenTimeMonitor/Info.plist;
				INFOPLIST_KEY_CFBundleDisplayName = TokenTimeMonitor;
				INFOPLIST_KEY_NSHumanReadableCopyright = "";
				IPHONEOS_DEPLOYMENT_TARGET = 18.5;
				LD_RUNPATH_SEARCH_PATHS = (
					"$(inherited)",
					"@executable_path/Frameworks",
					"@executable_path/../../Frameworks",
				);
				MARKETING_VERSION = 1.0;
				PRODUCT_BUNDLE_IDENTIFIER = com.prizepantry.prizepantry.TokenTimeMonitor;
				PRODUCT_NAME = "$(TARGET_NAME)";
				SDKROOT = iphoneos;
				SKIP_INSTALL = YES;
				SWIFT_EMIT_LOC_STRINGS = YES;
				SWIFT_VERSION = 5.0;
				TARGETED_DEVICE_FAMILY = "1,2";
				VALIDATE_PRODUCT = YES;
			};
			name = Release;
		};
		2CDAB5352F0EBDED00376B93 /* Debug */ = {
			isa = XCBuildConfiguration;
			buildSettings = {
				ASSETCATALOG_COMPILER_GLOBAL_ACCENT_COLOR_NAME = AccentColor;
				ASSETCATALOG_COMPILER_WIDGET_BACKGROUND_COLOR_NAME = WidgetBackground;
				CODE_SIGN_STYLE = Automatic;
				CURRENT_PROJECT_VERSION = 1;
				DEVELOPMENT_TEAM = WG26LH7N8J;
				GENERATE_INFOPLIST_FILE = YES;
				INFOPLIST_FILE = PrizePantryWidgets/Info.plist;
				INFOPLIST_KEY_CFBundleDisplayName = PrizePantryWidgets;
				INFOPLIST_KEY_NSHumanReadableCopyright = "";
				IPHONEOS_DEPLOYMENT_TARGET = 18.5;
				LD_RUNPATH_SEARCH_PATHS = (
					"$(inherited)",
					"@executable_path/Frameworks",
					"@executable_path/../../Frameworks",
				);
				MARKETING_VERSION = 1.0;
				PRODUCT_BUNDLE_IDENTIFIER = com.prizepantry.prizepantry.PrizePantryWidgets;
				PRODUCT_NAME = "$(TARGET_NAME)";
				SDKROOT = iphoneos;
				SKIP_INSTALL = YES;
				SWIFT_EMIT_LOC_STRINGS = YES;
				SWIFT_VERSION = 5.0;
				TARGETED_DEVICE_FAMILY = "1,2";
			};
			name = Debug;
		};
		2CDAB5362F0EBDED00376B93 /* Release */ = {
			isa = XCBuildConfiguration;
			buildSettings = {
				ASSETCATALOG_COMPILER_GLOBAL_ACCENT_COLOR_NAME = AccentColor;
				ASSETCATALOG_COMPILER_WIDGET_BACKGROUND_COLOR_NAME = WidgetBackground;
				CODE_SIGN_STYLE = Automatic;
				CURRENT_PROJECT_VERSION = 1;
				DEVELOPMENT_TEAM = WG26LH7N8J;
				GENERATE_INFOPLIST_FILE = YES;
				INFOPLIST_FILE = PrizePantryWidgets/Info.plist;
				INFOPLIST_KEY_CFBundleDisplayName = PrizePantryWidgets;
				INFOPLIST_KEY_NSHumanReadableCopyright = "";
				IPHONEOS_DEPLOYMENT_TARGET = 18.5;
				LD_RUNPATH_SEARCH_PATHS = (
					"$(inherited)",
					"@executable_path/Frameworks",
					"@executable_path/../../Frameworks",
				);
				MARKETING_VERSION = 1.0;
				PRODUCT_BUNDLE_IDENTIFIER = com.prizepantry.prizepantry.PrizePantryWidgets;
				PRODUCT_NAME = "$(TARGET_NAME)";
				SDKROOT = iphoneos;
				SKIP_INSTALL = YES;
				SWIFT_EMIT_LOC_STRINGS = YES;
				SWIFT_VERSION = 5.0;
				TARGETED_DEVICE_FAMILY = "1,2";
				VALIDATE_PRODUCT = YES;
			};
			name = Release;
		};
		2CDAB54F2F0F09FA00376B93 /* Debug */ = {
			isa = XCBuildConfiguration;
			buildSettings = {
				CODE_SIGN_ENTITLEMENTS = TokenTimeReport/TokenTimeReport.entitlements;
				CODE_SIGN_STYLE = Automatic;
				CURRENT_PROJECT_VERSION = 1;
				DEVELOPMENT_TEAM = WG26LH7N8J;
				GENERATE_INFOPLIST_FILE = YES;
				INFOPLIST_FILE = TokenTimeReport/Info.plist;
				INFOPLIST_KEY_CFBundleDisplayName = TokenTimeReport;
				INFOPLIST_KEY_NSHumanReadableCopyright = "";
				IPHONEOS_DEPLOYMENT_TARGET = 18.5;
				LD_RUNPATH_SEARCH_PATHS = (
					"$(inherited)",
					"@executable_path/Frameworks",
					"@executable_path/../../Frameworks",
				);
				MARKETING_VERSION = 1.0;
				PRODUCT_BUNDLE_IDENTIFIER = com.prizepantry.prizepantry.TokenTimeReport;
				PRODUCT_NAME = "$(TARGET_NAME)";
				SDKROOT = iphoneos;
				SKIP_INSTALL = YES;
				SWIFT_EMIT_LOC_STRINGS = YES;
				SWIFT_VERSION = 5.0;
				TARGETED_DEVICE_FAMILY = "1,2";
			};
			name = Debug;
		};
		2CDAB5502F0F09FA00376B93 /* Release */ = {
			isa = XCBuildConfiguration;
			buildSettings = {
				CODE_SIGN_ENTITLEMENTS = TokenTimeReport/TokenTimeReport.entitlements;
				CODE_SIGN_STYLE = Automatic;
				CURRENT_PROJECT_VERSION = 1;
				DEVELOPMENT_TEAM = WG26LH7N8J;
				GENERATE_INFOPLIST_FILE = YES;
				INFOPLIST_FILE = TokenTimeReport/Info.plist;
				INFOPLIST_KEY_CFBundleDisplayName = TokenTimeReport;
				INFOPLIST_KEY_NSHumanReadableCopyright = "";
				IPHONEOS_DEPLOYMENT_TARGET = 18.5;
				LD_RUNPATH_SEARCH_PATHS = (
					"$(inherited)",
					"@executable_path/Frameworks",
					"@executable_path/../../Frameworks",
				);
				MARKETING_VERSION = 1.0;
				PRODUCT_BUNDLE_IDENTIFIER = com.prizepantry.prizepantry.TokenTimeReport;
				PRODUCT_NAME = "$(TARGET_NAME)";
				SDKROOT = iphoneos;
				SKIP_INSTALL = YES;
				SWIFT_EMIT_LOC_STRINGS = YES;
				SWIFT_VERSION = 5.0;
				TARGETED_DEVICE_FAMILY = "1,2";
				VALIDATE_PRODUCT = YES;
			};
			name = Release;
		};
/* End XCBuildConfiguration section */

/* Begin XCConfigurationList section */
		2CDAB4772F03B74A00376B93 /* Build configuration list for PBXProject "prizepantry" */ = {
			isa = XCConfigurationList;
			buildConfigurations = (
				2CDAB49E2F03B74B00376B93 /* Debug */,
				2CDAB49F2F03B74B00376B93 /* Release */,
			);
			defaultConfigurationIsVisible = 0;
			defaultConfigurationName = Release;
		};
		2CDAB4A02F03B74B00376B93 /* Build configuration list for PBXNativeTarget "prizepantry" */ = {
			isa = XCConfigurationList;
			buildConfigurations = (
				2CDAB4A12F03B74B00376B93 /* Debug */,
				2CDAB4A22F03B74B00376B93 /* Release */,
			);
			defaultConfigurationIsVisible = 0;
			defaultConfigurationName = Release;
		};
		2CDAB4A32F03B74B00376B93 /* Build configuration list for PBXNativeTarget "prizepantryTests" */ = {
			isa = XCConfigurationList;
			buildConfigurations = (
				2CDAB4A42F03B74B00376B93 /* Debug */,
				2CDAB4A52F03B74B00376B93 /* Release */,
			);
			defaultConfigurationIsVisible = 0;
			defaultConfigurationName = Release;
		};
		2CDAB4A62F03B74B00376B93 /* Build configuration list for PBXNativeTarget "prizepantryUITests" */ = {
			isa = XCConfigurationList;
			buildConfigurations = (
				2CDAB4A72F03B74B00376B93 /* Debug */,
				2CDAB4A82F03B74B00376B93 /* Release */,
			);
			defaultConfigurationIsVisible = 0;
			defaultConfigurationName = Release;
		};
		2CDAB5112F0D984400376B93 /* Build configuration list for PBXNativeTarget "TokenTimeMonitor" */ = {
			isa = XCConfigurationList;
			buildConfigurations = (
				2CDAB5122F0D984400376B93 /* Debug */,
				2CDAB5132F0D984400376B93 /* Release */,
			);
			defaultConfigurationIsVisible = 0;
			defaultConfigurationName = Release;
		};
		2CDAB5342F0EBDED00376B93 /* Build configuration list for PBXNativeTarget "PrizePantryWidgetsExtension" */ = {
			isa = XCConfigurationList;
			buildConfigurations = (
				2CDAB5352F0EBDED00376B93 /* Debug */,
				2CDAB5362F0EBDED00376B93 /* Release */,
			);
			defaultConfigurationIsVisible = 0;
			defaultConfigurationName = Release;
		};
		2CDAB54E2F0F09FA00376B93 /* Build configuration list for PBXNativeTarget "TokenTimeReport" */ = {
			isa = XCConfigurationList;
			buildConfigurations = (
				2CDAB54F2F0F09FA00376B93 /* Debug */,
				2CDAB5502F0F09FA00376B93 /* Release */,
			);
			defaultConfigurationIsVisible = 0;
			defaultConfigurationName = Release;
		};
/* End XCConfigurationList section */

/* Begin XCRemoteSwiftPackageReference section */
		2CDAB4AF2F0450D600376B93 /* XCRemoteSwiftPackageReference "firebase-ios-sdk" */ = {
			isa = XCRemoteSwiftPackageReference;
			repositoryURL = "https://github.com/firebase/firebase-ios-sdk";
			requirement = {
				kind = upToNextMajorVersion;
				minimumVersion = 12.7.0;
			};
		};
/* End XCRemoteSwiftPackageReference section */

/* Begin XCSwiftPackageProductDependency section */
		2CDAB4B02F0450D600376B93 /* FirebaseFirestore */ = {
			isa = XCSwiftPackageProductDependency;
			package = 2CDAB4AF2F0450D600376B93 /* XCRemoteSwiftPackageReference "firebase-ios-sdk" */;
			productName = FirebaseFirestore;
		};
		2CDAB4B22F0450D600376B93 /* FirebaseFirestoreCombine-Community */ = {
			isa = XCSwiftPackageProductDependency;
			package = 2CDAB4AF2F0450D600376B93 /* XCRemoteSwiftPackageReference "firebase-ios-sdk" */;
			productName = "FirebaseFirestoreCombine-Community";
		};
		2CDAB4C52F06245100376B93 /* FirebaseAuth */ = {
			isa = XCSwiftPackageProductDependency;
			package = 2CDAB4AF2F0450D600376B93 /* XCRemoteSwiftPackageReference "firebase-ios-sdk" */;
			productName = FirebaseAuth;
		};
/* End XCSwiftPackageProductDependency section */
	};
	rootObject = 2CDAB4742F03B74A00376B93 /* Project object */;
}
